{
  "object": {
    "pins": [
      {
        "package": "Algebra",
        "repositoryURL": "https://github.com/typelift/Algebra.git",
        "state": {
          "branch": null,
          "revision": "e81a20aa543dd0847897b57073a3f939c2124375",
          "version": "0.2.0"
        }
      },
      {
        "package": "CommonCrypto",
        "repositoryURL": "https://github.com/IBM-Swift/CommonCrypto.git",
        "state": {
          "branch": null,
          "revision": "9156d238dbc4c15455b77b45e721b2bb0b995e31",
          "version": "0.1.5"
        }
      },
      {
        "package": "Cryptor",
        "repositoryURL": "https://github.com/IBM-Swift/BlueCryptor.git",
        "state": {
          "branch": null,
          "revision": "16f9c7ddcbe11bbd32106a791ebef2108a4e9183",
          "version": "0.8.21"
        }
      },
      {
        "package": "DoctorPretty",
        "repositoryURL": "https://github.com/bkase/DoctorPretty.git",
        "state": {
          "branch": null,
          "revision": "2d0370ade8098dd1e24c08460edc1606eb81a54f",
          "version": "0.3.0"
        }
      },
      {
        "package": "Operadics",
        "repositoryURL": "https://github.com/typelift/Operadics.git",
        "state": {
          "branch": null,
          "revision": "fcacc621d00449c2cc0cb7227756928566370d28",
          "version": "0.2.2"
        }
      },
      {
        "package": "Prelude",
        "repositoryURL": "https://github.com/pointfreeco/swift-prelude.git",
        "state": {
          "branch": "9161df1",
          "revision": "9161df16b239ce68896de1f9fbaf9d3a6891ccea",
          "version": null
        }
      },
      {
        "package": "SnapshotTesting",
        "repositoryURL": "https://github.com/pointfreeco/swift-snapshot-testing.git",
        "state": {
          "branch": "b4081b7",
          "revision": "b4081b7f14eac7d0540b6cf6a4caf57816d7a8c2",
          "version": null
        }
      },
      {
        "package": "Swiftx",
        "repositoryURL": "https://github.com/typelift/Swiftx.git",
        "state": {
          "branch": null,
          "revision": "0d481bbe0617c38bb816c9cbbf54ab93edb813b9",
          "version": "0.5.2"
        }
      },
      {
        "package": "Web",
        "repositoryURL": "https://github.com/pointfreeco/swift-web.git",
        "state": {
          "branch": "74bb176",
          "revision": "74bb176c80b0aa85c11349047b538ca112c4799f",
          "version": null
        }
      }
    ]
  },
  "version": 1
}
