// !$*UTF8*$!
{
	archiveVersion = 1;
	classes = {
	};
	objectVersion = 50;
	objects = {

/* Begin PBXBuildFile section */
		CA31EA2D21700490001B7113 /* AppDelegate.swift in Sources */ = {isa = PBXBuildFile; fileRef = CA31EA2C21700490001B7113 /* AppDelegate.swift */; };
		CA31EA2F21700490001B7113 /* ViewController.swift in Sources */ = {isa = PBXBuildFile; fileRef = CA31EA2E21700490001B7113 /* ViewController.swift */; };
		CA31EA3221700490001B7113 /* Main.storyboard in Resources */ = {isa = PBXBuildFile; fileRef = CA31EA3021700490001B7113 /* Main.storyboard */; };
		CA31EA3421700492001B7113 /* Assets.xcassets in Resources */ = {isa = PBXBuildFile; fileRef = CA31EA3321700492001B7113 /* Assets.xcassets */; };
		CA31EA3721700492001B7113 /* LaunchScreen.storyboard in Resources */ = {isa = PBXBuildFile; fileRef = CA31EA3521700492001B7113 /* LaunchScreen.storyboard */; };
		CA31EA4221700492001B7113 /* PointFreeAppTests.swift in Sources */ = {isa = PBXBuildFile; fileRef = CA31EA4121700492001B7113 /* PointFreeAppTests.swift */; };
/* End PBXBuildFile section */

/* Begin PBXContainerItemProxy section */
		CA31EA3E21700492001B7113 /* PBXContainerItemProxy */ = {
			isa = PBXContainerItemProxy;
			containerPortal = CA31EA2121700490001B7113 /* Project object */;
			proxyType = 1;
			remoteGlobalIDString = CA31EA2821700490001B7113;
			remoteInfo = PointFreeApp;
		};
/* End PBXContainerItemProxy section */

/* Begin PBXFileReference section */
		CA31EA2921700490001B7113 /* PointFreeApp.app */ = {isa = PBXFileReference; explicitFileType = wrapper.application; includeInIndex = 0; path = PointFreeApp.app; sourceTree = BUILT_PRODUCTS_DIR; };
		CA31EA2C21700490001B7113 /* AppDelegate.swift */ = {isa = PBXFileReference; lastKnownFileType = sourcecode.swift; path = AppDelegate.swift; sourceTree = "<group>"; };
		CA31EA2E21700490001B7113 /* ViewController.swift */ = {isa = PBXFileReference; lastKnownFileType = sourcecode.swift; path = ViewController.swift; sourceTree = "<group>"; };
		CA31EA3121700490001B7113 /* Base */ = {isa = PBXFileReference; lastKnownFileType = file.storyboard; name = Base; path = Base.lproj/Main.storyboard; sourceTree = "<group>"; };
		CA31EA3321700492001B7113 /* Assets.xcassets */ = {isa = PBXFileReference; lastKnownFileType = folder.assetcatalog; path = Assets.xcassets; sourceTree = "<group>"; };
		CA31EA3621700492001B7113 /* Base */ = {isa = PBXFileReference; lastKnownFileType = file.storyboard; name = Base; path = Base.lproj/LaunchScreen.storyboard; sourceTree = "<group>"; };
		CA31EA3821700492001B7113 /* Info.plist */ = {isa = PBXFileReference; lastKnownFileType = text.plist.xml; path = Info.plist; sourceTree = "<group>"; };
		CA31EA3D21700492001B7113 /* PointFreeAppTests.xctest */ = {isa = PBXFileReference; explicitFileType = wrapper.cfbundle; includeInIndex = 0; path = PointFreeAppTests.xctest; sourceTree = BUILT_PRODUCTS_DIR; };
		CA31EA4121700492001B7113 /* PointFreeAppTests.swift */ = {isa = PBXFileReference; lastKnownFileType = sourcecode.swift; path = PointFreeAppTests.swift; sourceTree = "<group>"; };
		CA31EA4321700492001B7113 /* Info.plist */ = {isa = PBXFileReference; lastKnownFileType = text.plist.xml; path = Info.plist; sourceTree = "<group>"; };
/* End PBXFileReference section */

/* Begin PBXFrameworksBuildPhase section */
		CA31EA2621700490001B7113 /* Frameworks */ = {
			isa = PBXFrameworksBuildPhase;
			buildActionMask = 2147483647;
			files = (
			);
			runOnlyForDeploymentPostprocessing = 0;
		};
		CA31EA3A21700492001B7113 /* Frameworks */ = {
			isa = PBXFrameworksBuildPhase;
			buildActionMask = 2147483647;
			files = (
			);
			runOnlyForDeploymentPostprocessing = 0;
		};
/* End PBXFrameworksBuildPhase section */

/* Begin PBXGroup section */
		CA31EA2021700490001B7113 = {
			isa = PBXGroup;
			children = (
				CA31EA2B21700490001B7113 /* PointFreeApp */,
				CA31EA4021700492001B7113 /* PointFreeAppTests */,
				CA31EA2A21700490001B7113 /* Products */,
			);
			sourceTree = "<group>";
		};
		CA31EA2A21700490001B7113 /* Products */ = {
			isa = PBXGroup;
			children = (
				CA31EA2921700490001B7113 /* PointFreeApp.app */,
				CA31EA3D21700492001B7113 /* PointFreeAppTests.xctest */,
			);
			name = Products;
			sourceTree = "<group>";
		};
		CA31EA2B21700490001B7113 /* PointFreeApp */ = {
			isa = PBXGroup;
			children = (
				CA31EA2C21700490001B7113 /* AppDelegate.swift */,
				CA31EA2E21700490001B7113 /* ViewController.swift */,
				CA31EA3021700490001B7113 /* Main.storyboard */,
				CA31EA3321700492001B7113 /* Assets.xcassets */,
				CA31EA3521700492001B7113 /* LaunchScreen.storyboard */,
				CA31EA3821700492001B7113 /* Info.plist */,
			);
			path = PointFreeApp;
			sourceTree = "<group>";
		};
		CA31EA4021700492001B7113 /* PointFreeAppTests */ = {
			isa = PBXGroup;
			children = (
				CA31EA4121700492001B7113 /* PointFreeAppTests.swift */,
				CA31EA4321700492001B7113 /* Info.plist */,
			);
			path = PointFreeAppTests;
			sourceTree = "<group>";
		};
/* End PBXGroup section */

/* Begin PBXNativeTarget section */
		CA31EA2821700490001B7113 /* PointFreeApp */ = {
			isa = PBXNativeTarget;
			buildConfigurationList = CA31EA4621700492001B7113 /* Build configuration list for PBXNativeTarget "PointFreeApp" */;
			buildPhases = (
				CA31EA2521700490001B7113 /* Sources */,
				CA31EA2621700490001B7113 /* Frameworks */,
				CA31EA2721700490001B7113 /* Resources */,
			);
			buildRules = (
			);
			dependencies = (
			);
			name = PointFreeApp;
			productName = PointFreeApp;
			productReference = CA31EA2921700490001B7113 /* PointFreeApp.app */;
			productType = "com.apple.product-type.application";
		};
		CA31EA3C21700492001B7113 /* PointFreeAppTests */ = {
			isa = PBXNativeTarget;
			buildConfigurationList = CA31EA4921700492001B7113 /* Build configuration list for PBXNativeTarget "PointFreeAppTests" */;
			buildPhases = (
				CA31EA3921700492001B7113 /* Sources */,
				CA31EA3A21700492001B7113 /* Frameworks */,
				CA31EA3B21700492001B7113 /* Resources */,
			);
			buildRules = (
			);
			dependencies = (
				CA31EA3F21700492001B7113 /* PBXTargetDependency */,
			);
			name = PointFreeAppTests;
			productName = PointFreeAppTests;
			productReference = CA31EA3D21700492001B7113 /* PointFreeAppTests.xctest */;
			productType = "com.apple.product-type.bundle.unit-test";
		};
/* End PBXNativeTarget section */

/* Begin PBXProject section */
		CA31EA2121700490001B7113 /* Project object */ = {
			isa = PBXProject;
			attributes = {
				LastSwiftUpdateCheck = 1000;
				LastUpgradeCheck = 1000;
				ORGANIZATIONNAME = "Point-Free";
				TargetAttributes = {
					CA31EA2821700490001B7113 = {
						CreatedOnToolsVersion = 10.0;
					};
					CA31EA3C21700492001B7113 = {
						CreatedOnToolsVersion = 10.0;
						TestTargetID = CA31EA2821700490001B7113;
					};
				};
			};
			buildConfigurationList = CA31EA2421700490001B7113 /* Build configuration list for PBXProject "PointFreeApp" */;
			compatibilityVersion = "Xcode 9.3";
			developmentRegion = en;
			hasScannedForEncodings = 0;
			knownRegions = (
				en,
				Base,
			);
			mainGroup = CA31EA2021700490001B7113;
			productRefGroup = CA31EA2A21700490001B7113 /* Products */;
			projectDirPath = "";
			projectRoot = "";
			targets = (
				CA31EA2821700490001B7113 /* PointFreeApp */,
				CA31EA3C21700492001B7113 /* PointFreeAppTests */,
			);
		};
/* End PBXProject section */

/* Begin PBXResourcesBuildPhase section */
		CA31EA2721700490001B7113 /* Resources */ = {
			isa = PBXResourcesBuildPhase;
			buildActionMask = 2147483647;
			files = (
				CA31EA3721700492001B7113 /* LaunchScreen.storyboard in Resources */,
				CA31EA3421700492001B7113 /* Assets.xcassets in Resources */,
				CA31EA3221700490001B7113 /* Main.storyboard in Resources */,
			);
			runOnlyForDeploymentPostprocessing = 0;
		};
		CA31EA3B21700492001B7113 /* Resources */ = {
			isa = PBXResourcesBuildPhase;
			buildActionMask = 2147483647;
			files = (
			);
			runOnlyForDeploymentPostprocessing = 0;
		};
/* End PBXResourcesBuildPhase section */

/* Begin PBXSourcesBuildPhase section */
		CA31EA2521700490001B7113 /* Sources */ = {
			isa = PBXSourcesBuildPhase;
			buildActionMask = 2147483647;
			files = (
				CA31EA2F21700490001B7113 /* ViewController.swift in Sources */,
				CA31EA2D21700490001B7113 /* AppDelegate.swift in Sources */,
			);
			runOnlyForDeploymentPostprocessing = 0;
		};
		CA31EA3921700492001B7113 /* Sources */ = {
			isa = PBXSourcesBuildPhase;
			buildActionMask = 2147483647;
			files = (
				CA31EA4221700492001B7113 /* PointFreeAppTests.swift in Sources */,
			);
			runOnlyForDeploymentPostprocessing = 0;
		};
/* End PBXSourcesBuildPhase section */

/* Begin PBXTargetDependency section */
		CA31EA3F21700492001B7113 /* PBXTargetDependency */ = {
			isa = PBXTargetDependency;
			target = CA31EA2821700490001B7113 /* PointFreeApp */;
			targetProxy = CA31EA3E21700492001B7113 /* PBXContainerItemProxy */;
		};
/* End PBXTargetDependency section */

/* Begin PBXVariantGroup section */
		CA31EA3021700490001B7113 /* Main.storyboard */ = {
			isa = PBXVariantGroup;
			children = (
				CA31EA3121700490001B7113 /* Base */,
			);
			name = Main.storyboard;
			sourceTree = "<group>";
		};
		CA31EA3521700492001B7113 /* LaunchScreen.storyboard */ = {
			isa = PBXVariantGroup;
			children = (
				CA31EA3621700492001B7113 /* Base */,
			);
			name = LaunchScreen.storyboard;
			sourceTree = "<group>";
		};
/* End PBXVariantGroup section */

/* Begin XCBuildConfiguration section */
		CA31EA4421700492001B7113 /* Debug */ = {
			isa = XCBuildConfiguration;
			buildSettings = {
				ALWAYS_SEARCH_USER_PATHS = NO;
				CLANG_ANALYZER_NONNULL = YES;
				CLANG_ANALYZER_NUMBER_OBJECT_CONVERSION = YES_AGGRESSIVE;
				CLANG_CXX_LANGUAGE_STANDARD = "gnu++14";
				CLANG_CXX_LIBRARY = "libc++";
				CLANG_ENABLE_MODULES = YES;
				CLANG_ENABLE_OBJC_ARC = YES;
				CLANG_ENABLE_OBJC_WEAK = YES;
				CLANG_WARN_BLOCK_CAPTURE_AUTORELEASING = YES;
				CLANG_WARN_BOOL_CONVERSION = YES;
				CLANG_WARN_COMMA = YES;
				CLANG_WARN_CONSTANT_CONVERSION = YES;
				CLANG_WARN_DEPRECATED_OBJC_IMPLEMENTATIONS = YES;
				CLANG_WARN_DIRECT_OBJC_ISA_USAGE = YES_ERROR;
				CLANG_WARN_DOCUMENTATION_COMMENTS = YES;
				CLANG_WARN_EMPTY_BODY = YES;
				CLANG_WARN_ENUM_CONVERSION = YES;
				CLANG_WARN_INFINITE_RECURSION = YES;
				CLANG_WARN_INT_CONVERSION = YES;
				CLANG_WARN_NON_LITERAL_NULL_CONVERSION = YES;
				CLANG_WARN_OBJC_IMPLICIT_RETAIN_SELF = YES;
				CLANG_WARN_OBJC_LITERAL_CONVERSION = YES;
				CLANG_WARN_OBJC_ROOT_CLASS = YES_ERROR;
				CLANG_WARN_RANGE_LOOP_ANALYSIS = YES;
				CLANG_WARN_STRICT_PROTOTYPES = YES;
				CLANG_WARN_SUSPICIOUS_MOVE = YES;
				CLANG_WARN_UNGUARDED_AVAILABILITY = YES_AGGRESSIVE;
				CLANG_WARN_UNREACHABLE_CODE = YES;
				CLANG_WARN__DUPLICATE_METHOD_MATCH = YES;
				CODE_SIGN_IDENTITY = "iPhone Developer";
				COPY_PHASE_STRIP = NO;
				DEBUG_INFORMATION_FORMAT = dwarf;
				ENABLE_STRICT_OBJC_MSGSEND = YES;
				ENABLE_TESTABILITY = YES;
				GCC_C_LANGUAGE_STANDARD = gnu11;
				GCC_DYNAMIC_NO_PIC = NO;
				GCC_NO_COMMON_BLOCKS = YES;
				GCC_OPTIMIZATION_LEVEL = 0;
				GCC_PREPROCESSOR_DEFINITIONS = (
					"DEBUG=1",
					"$(inherited)",
				);
				GCC_WARN_64_TO_32_BIT_CONVERSION = YES;
				GCC_WARN_ABOUT_RETURN_TYPE = YES_ERROR;
				GCC_WARN_UNDECLARED_SELECTOR = YES;
				GCC_WARN_UNINITIALIZED_AUTOS = YES_AGGRESSIVE;
				GCC_WARN_UNUSED_FUNCTION = YES;
				GCC_WARN_UNUSED_VARIABLE = YES;
				IPHONEOS_DEPLOYMENT_TARGET = 12.0;
				MTL_ENABLE_DEBUG_INFO = INCLUDE_SOURCE;
				MTL_FAST_MATH = YES;
				ONLY_ACTIVE_ARCH = YES;
				SDKROOT = iphoneos;
				SWIFT_ACTIVE_COMPILATION_CONDITIONS = DEBUG;
				SWIFT_OPTIMIZATION_LEVEL = "-Onone";
			};
			name = Debug;
		};
		CA31EA4521700492001B7113 /* Release */ = {
			isa = XCBuildConfiguration;
			buildSettings = {
				ALWAYS_SEARCH_USER_PATHS = NO;
				CLANG_ANALYZER_NONNULL = YES;
				CLANG_ANALYZER_NUMBER_OBJECT_CONVERSION = YES_AGGRESSIVE;
				CLANG_CXX_LANGUAGE_STANDARD = "gnu++14";
				CLANG_CXX_LIBRARY = "libc++";
				CLANG_ENABLE_MODULES = YES;
				CLANG_ENABLE_OBJC_ARC = YES;
				CLANG_ENABLE_OBJC_WEAK = YES;
				CLANG_WARN_BLOCK_CAPTURE_AUTORELEASING = YES;
				CLANG_WARN_BOOL_CONVERSION = YES;
				CLANG_WARN_COMMA = YES;
				CLANG_WARN_CONSTANT_CONVERSION = YES;
				CLANG_WARN_DEPRECATED_OBJC_IMPLEMENTATIONS = YES;
				CLANG_WARN_DIRECT_OBJC_ISA_USAGE = YES_ERROR;
				CLANG_WARN_DOCUMENTATION_COMMENTS = YES;
				CLANG_WARN_EMPTY_BODY = YES;
				CLANG_WARN_ENUM_CONVERSION = YES;
				CLANG_WARN_INFINITE_RECURSION = YES;
				CLANG_WARN_INT_CONVERSION = YES;
				CLANG_WARN_NON_LITERAL_NULL_CONVERSION = YES;
				CLANG_WARN_OBJC_IMPLICIT_RETAIN_SELF = YES;
				CLANG_WARN_OBJC_LITERAL_CONVERSION = YES;
				CLANG_WARN_OBJC_ROOT_CLASS = YES_ERROR;
				CLANG_WARN_RANGE_LOOP_ANALYSIS = YES;
				CLANG_WARN_STRICT_PROTOTYPES = YES;
				CLANG_WARN_SUSPICIOUS_MOVE = YES;
				CLANG_WARN_UNGUARDED_AVAILABILITY = YES_AGGRESSIVE;
				CLANG_WARN_UNREACHABLE_CODE = YES;
				CLANG_WARN__DUPLICATE_METHOD_MATCH = YES;
				CODE_SIGN_IDENTITY = "iPhone Developer";
				COPY_PHASE_STRIP = NO;
				DEBUG_INFORMATION_FORMAT = "dwarf-with-dsym";
				ENABLE_NS_ASSERTIONS = NO;
				ENABLE_STRICT_OBJC_MSGSEND = YES;
				GCC_C_LANGUAGE_STANDARD = gnu11;
				GCC_NO_COMMON_BLOCKS = YES;
				GCC_WARN_64_TO_32_BIT_CONVERSION = YES;
				GCC_WARN_ABOUT_RETURN_TYPE = YES_ERROR;
				GCC_WARN_UNDECLARED_SELECTOR = YES;
				GCC_WARN_UNINITIALIZED_AUTOS = YES_AGGRESSIVE;
				GCC_WARN_UNUSED_FUNCTION = YES;
				GCC_WARN_UNUSED_VARIABLE = YES;
				IPHONEOS_DEPLOYMENT_TARGET = 12.0;
				MTL_ENABLE_DEBUG_INFO = NO;
				MTL_FAST_MATH = YES;
				SDKROOT = iphoneos;
				SWIFT_COMPILATION_MODE = wholemodule;
				SWIFT_OPTIMIZATION_LEVEL = "-O";
				VALIDATE_PRODUCT = YES;
			};
			name = Release;
		};
		CA31EA4721700492001B7113 /* Debug */ = {
			isa = XCBuildConfiguration;
			buildSettings = {
				ASSETCATALOG_COMPILER_APPICON_NAME = AppIcon;
				CODE_SIGN_STYLE = Automatic;
				INFOPLIST_FILE = PointFreeApp/Info.plist;
				LD_RUNPATH_SEARCH_PATHS = (
					"$(inherited)",
					"@executable_path/Frameworks",
				);
				PRODUCT_BUNDLE_IDENTIFIER = co.pointfree.PointFreeApp;
				PRODUCT_NAME = "$(TARGET_NAME)";
				SWIFT_VERSION = 4.2;
				TARGETED_DEVICE_FAMILY = "1,2";
			};
			name = Debug;
		};
		CA31EA4821700492001B7113 /* Release */ = {
			isa = XCBuildConfiguration;
			buildSettings = {
				ASSETCATALOG_COMPILER_APPICON_NAME = AppIcon;
				CODE_SIGN_STYLE = Automatic;
				INFOPLIST_FILE = PointFreeApp/Info.plist;
				LD_RUNPATH_SEARCH_PATHS = (
					"$(inherited)",
					"@executable_path/Frameworks",
				);
				PRODUCT_BUNDLE_IDENTIFIER = co.pointfree.PointFreeApp;
				PRODUCT_NAME = "$(TARGET_NAME)";
				SWIFT_VERSION = 4.2;
				TARGETED_DEVICE_FAMILY = "1,2";
			};
			name = Release;
		};
		CA31EA4A21700492001B7113 /* Debug */ = {
			isa = XCBuildConfiguration;
			buildSettings = {
				ALWAYS_EMBED_SWIFT_STANDARD_LIBRARIES = YES;
				BUNDLE_LOADER = "$(TEST_HOST)";
				CODE_SIGN_STYLE = Automatic;
				INFOPLIST_FILE = PointFreeAppTests/Info.plist;
				LD_RUNPATH_SEARCH_PATHS = (
					"$(inherited)",
					"@executable_path/Frameworks",
					"@loader_path/Frameworks",
				);
				PRODUCT_BUNDLE_IDENTIFIER = co.pointfree.PointFreeAppTests;
				PRODUCT_NAME = "$(TARGET_NAME)";
				SWIFT_VERSION = 4.2;
				TARGETED_DEVICE_FAMILY = "1,2";
				TEST_HOST = "$(BUILT_PRODUCTS_DIR)/PointFreeApp.app/PointFreeApp";
			};
			name = Debug;
		};
		CA31EA4B21700492001B7113 /* Release */ = {
			isa = XCBuildConfiguration;
			buildSettings = {
				ALWAYS_EMBED_SWIFT_STANDARD_LIBRARIES = YES;
				BUNDLE_LOADER = "$(TEST_HOST)";
				CODE_SIGN_STYLE = Automatic;
				INFOPLIST_FILE = PointFreeAppTests/Info.plist;
				LD_RUNPATH_SEARCH_PATHS = (
					"$(inherited)",
					"@executable_path/Frameworks",
					"@loader_path/Frameworks",
				);
				PRODUCT_BUNDLE_IDENTIFIER = co.pointfree.PointFreeAppTests;
				PRODUCT_NAME = "$(TARGET_NAME)";
				SWIFT_VERSION = 4.2;
				TARGETED_DEVICE_FAMILY = "1,2";
				TEST_HOST = "$(BUILT_PRODUCTS_DIR)/PointFreeApp.app/PointFreeApp";
			};
			name = Release;
		};
/* End XCBuildConfiguration section */

/* Begin XCConfigurationList section */
		CA31EA2421700490001B7113 /* Build configuration list for PBXProject "PointFreeApp" */ = {
			isa = XCConfigurationList;
			buildConfigurations = (
				CA31EA4421700492001B7113 /* Debug */,
				CA31EA4521700492001B7113 /* Release */,
			);
			defaultConfigurationIsVisible = 0;
			defaultConfigurationName = Release;
		};
		CA31EA4621700492001B7113 /* Build configuration list for PBXNativeTarget "PointFreeApp" */ = {
			isa = XCConfigurationList;
			buildConfigurations = (
				CA31EA4721700492001B7113 /* Debug */,
				CA31EA4821700492001B7113 /* Release */,
			);
			defaultConfigurationIsVisible = 0;
			defaultConfigurationName = Release;
		};
		CA31EA4921700492001B7113 /* Build configuration list for PBXNativeTarget "PointFreeAppTests" */ = {
			isa = XCConfigurationList;
			buildConfigurations = (
				CA31EA4A21700492001B7113 /* Debug */,
				CA31EA4B21700492001B7113 /* Release */,
			);
			defaultConfigurationIsVisible = 0;
			defaultConfigurationName = Release;
		};
/* End XCConfigurationList section */
	};
	rootObject = CA31EA2121700490001B7113 /* Project object */;
}
